
Microsoft Visual Studio Solution File, Format Version 12.00
# Visual Studio Version 16
VisualStudioVersion = 16.0.31129.286
MinimumVisualStudioVersion = 10.0.40219.1
Project("{FAE04EC0-301F-11D3-BF4B-00C04F79EFBC}") = "graph", "graph\graph.csproj", "{9E43E437-F17E-4D43-87E8-CE99D2274D79}"
EndProject
Global
	GlobalSection(SolutionConfigurationPlatforms) = preSolution
		Debug|Any CPU = Debug|Any CPU
		Release|Any CPU = Release|Any CPU
	EndGlobalSection
	GlobalSection(ProjectConfigurationPlatforms) = postSolution
		{9E43E437-F17E-4D43-87E8-CE99D2274D79}.Debug|Any CPU.ActiveCfg = Debug|Any CPU
		{9E43E437-F17E-4D43-87E8-CE99D2274D79}.Debug|Any CPU.Build.0 = Debug|Any CPU
		{9E43E437-F17E-4D43-87E8-CE99D2274D79}.Release|Any CPU.ActiveCfg = Release|Any CPU
		{9E43E437-F17E-4D43-87E8-CE99D2274D79}.Release|Any CPU.Build.0 = Release|Any CPU
	EndGlobalSection
	GlobalSection(SolutionProperties) = preSolution
		HideSolutionNode = FALSE
	EndGlobalSection
	GlobalSection(ExtensibilityGlobals) = postSolution
		SolutionGuid = {722DF238-8051-4224-BB14-5706BCFFB973}
	EndGlobalSection
EndGlobal
